
Microsoft Visual Studio Solution File, Format Version 12.00
# Visual Studio Version 17
VisualStudioVersion = 17.13.35825.156
MinimumVisualStudioVersion = 10.0.40219.1
Project("{FAE04EC0-301F-11D3-BF4B-00C04F79EFBC}") = "AppointmentSystem", "AppointmentSystem.csproj", "{2A4DA6E6-8DF1-46B7-848E-F1F1AC76FFD2}"
EndProject
Project("{FAE04EC0-301F-11D3-BF4B-00C04F79EFBC}") = "AppointmentBusinessLogic", "AppointmentBusinessDataLogic\AppointmentBusinessLogic.csproj", "{20A44819-46A4-4D8D-ABAC-3422FBB40062}"
EndProject
Project("{FAE04EC0-301F-11D3-BF4B-00C04F79EFBC}") = "AppointmentDataLogic", "AppointmentDataLogic\AppointmentDataLogic.csproj", "{E97C8CC0-C30A-4835-BA54-9A846A3B4728}"
EndProject
Project("{FAE04EC0-301F-11D3-BF4B-00C04F79EFBC}") = "AppointmentCommon", "AppointmentCommon\AppointmentCommon.csproj", "{A37919AC-8CD6-4B0D-BEAB-34FA5A8DA478}"
EndProject
Project("{FAE04EC0-301F-11D3-BF4B-00C04F79EFBC}") = "Appointment_API", "Appointment_API\Appointment_API.csproj", "{5D6F397A-67D3-46A3-99DC-ED5C8D7AA4CF}"
EndProject
Global
	GlobalSection(SolutionConfigurationPlatforms) = preSolution
		Debug|Any CPU = Debug|Any CPU
		Release|Any CPU = Release|Any CPU
	EndGlobalSection
	GlobalSection(ProjectConfigurationPlatforms) = postSolution
		{2A4DA6E6-8DF1-46B7-848E-F1F1AC76FFD2}.Debug|Any CPU.ActiveCfg = Debug|Any CPU
		{2A4DA6E6-8DF1-46B7-848E-F1F1AC76FFD2}.Debug|Any CPU.Build.0 = Debug|Any CPU
		{2A4DA6E6-8DF1-46B7-848E-F1F1AC76FFD2}.Release|Any CPU.ActiveCfg = Release|Any CPU
		{2A4DA6E6-8DF1-46B7-848E-F1F1AC76FFD2}.Release|Any CPU.Build.0 = Release|Any CPU
		{20A44819-46A4-4D8D-ABAC-3422FBB40062}.Debug|Any CPU.ActiveCfg = Debug|Any CPU
		{20A44819-46A4-4D8D-ABAC-3422FBB40062}.Debug|Any CPU.Build.0 = Debug|Any CPU
		{20A44819-46A4-4D8D-ABAC-3422FBB40062}.Release|Any CPU.ActiveCfg = Release|Any CPU
		{20A44819-46A4-4D8D-ABAC-3422FBB40062}.Release|Any CPU.Build.0 = Release|Any CPU
		{E97C8CC0-C30A-4835-BA54-9A846A3B4728}.Debug|Any CPU.ActiveCfg = Debug|Any CPU
		{E97C8CC0-C30A-4835-BA54-9A846A3B4728}.Debug|Any CPU.Build.0 = Debug|Any CPU
		{E97C8CC0-C30A-4835-BA54-9A846A3B4728}.Release|Any CPU.ActiveCfg = Release|Any CPU
		{E97C8CC0-C30A-4835-BA54-9A846A3B4728}.Release|Any CPU.Build.0 = Release|Any CPU
		{A37919AC-8CD6-4B0D-BEAB-34FA5A8DA478}.Debug|Any CPU.ActiveCfg = Debug|Any CPU
		{A37919AC-8CD6-4B0D-BEAB-34FA5A8DA478}.Debug|Any CPU.Build.0 = Debug|Any CPU
		{A37919AC-8CD6-4B0D-BEAB-34FA5A8DA478}.Release|Any CPU.ActiveCfg = Release|Any CPU
		{A37919AC-8CD6-4B0D-BEAB-34FA5A8DA478}.Release|Any CPU.Build.0 = Release|Any CPU
		{5D6F397A-67D3-46A3-99DC-ED5C8D7AA4CF}.Debug|Any CPU.ActiveCfg = Debug|Any CPU
		{5D6F397A-67D3-46A3-99DC-ED5C8D7AA4CF}.Debug|Any CPU.Build.0 = Debug|Any CPU
		{5D6F397A-67D3-46A3-99DC-ED5C8D7AA4CF}.Release|Any CPU.ActiveCfg = Release|Any CPU
		{5D6F397A-67D3-46A3-99DC-ED5C8D7AA4CF}.Release|Any CPU.Build.0 = Release|Any CPU
	EndGlobalSection
	GlobalSection(SolutionProperties) = preSolution
		HideSolutionNode = FALSE
	EndGlobalSection
	GlobalSection(ExtensibilityGlobals) = postSolution
		SolutionGuid = {E7C80553-455A-4605-8AAF-F5DAC0DDAAFF}
	EndGlobalSection
EndGlobal
