
Microsoft Visual Studio Solution File, Format Version 12.00
# Visual Studio Version 17
VisualStudioVersion = 17.14.36121.58 d17.14
MinimumVisualStudioVersion = 10.0.40219.1
Project("{FAE04EC0-301F-11D3-BF4B-00C04F79EFBC}") = "Appointment_Desktop", "Appointment_Desktop.csproj", "{2C13C315-3F28-4615-AA57-B217215D495B}"
EndProject
Global
	GlobalSection(SolutionConfigurationPlatforms) = preSolution
		Debug|Any CPU = Debug|Any CPU
		Release|Any CPU = Release|Any CPU
	EndGlobalSection
	GlobalSection(ProjectConfigurationPlatforms) = postSolution
		{2C13C315-3F28-4615-AA57-B217215D495B}.Debug|Any CPU.ActiveCfg = Debug|Any CPU
		{2C13C315-3F28-4615-AA57-B217215D495B}.Debug|Any CPU.Build.0 = Debug|Any CPU
		{2C13C315-3F28-4615-AA57-B217215D495B}.Release|Any CPU.ActiveCfg = Release|Any CPU
		{2C13C315-3F28-4615-AA57-B217215D495B}.Release|Any CPU.Build.0 = Release|Any CPU
	EndGlobalSection
	GlobalSection(SolutionProperties) = preSolution
		HideSolutionNode = FALSE
	EndGlobalSection
	GlobalSection(ExtensibilityGlobals) = postSolution
		SolutionGuid = {5D02D05A-75E1-4727-8207-F2DA2E6C9FB9}
	EndGlobalSection
EndGlobal
