
Microsoft Visual Studio Solution File, Format Version 12.00
# Visual Studio Version 17
VisualStudioVersion = 17.14.36121.58 d17.14
MinimumVisualStudioVersion = 10.0.40219.1
Project("{FAE04EC0-301F-11D3-BF4B-00C04F79EFBC}") = "Appointment_API", "Appointment_API.csproj", "{7898A924-E21D-4B61-A777-B948A140C168}"
EndProject
Global
	GlobalSection(SolutionConfigurationPlatforms) = preSolution
		Debug|Any CPU = Debug|Any CPU
		Release|Any CPU = Release|Any CPU
	EndGlobalSection
	GlobalSection(ProjectConfigurationPlatforms) = postSolution
		{7898A924-E21D-4B61-A777-B948A140C168}.Debug|Any CPU.ActiveCfg = Debug|Any CPU
		{7898A924-E21D-4B61-A777-B948A140C168}.Debug|Any CPU.Build.0 = Debug|Any CPU
		{7898A924-E21D-4B61-A777-B948A140C168}.Release|Any CPU.ActiveCfg = Release|Any CPU
		{7898A924-E21D-4B61-A777-B948A140C168}.Release|Any CPU.Build.0 = Release|Any CPU
	EndGlobalSection
	GlobalSection(SolutionProperties) = preSolution
		HideSolutionNode = FALSE
	EndGlobalSection
	GlobalSection(ExtensibilityGlobals) = postSolution
		SolutionGuid = {E895CC7C-CB5B-4A0B-B326-58E2CE53BF73}
	EndGlobalSection
EndGlobal
